# This file is autogenerated, do not edit; changes may be undone by the next 'dep ensure'.


[[projects]]
  branch = "master"
  digest = "1:1ba1d79f2810270045c328ae5d674321db34e3aae468eb4233883b473c5c0467"
  name = "github.com/golang/glog"
  packages = ["."]
  pruneopts = "UT"
  revision = "23def4e6c14b4da8ac2ed8007337bc5eb5007998"

[[projects]]
  branch = "master"
  digest = "1:3fb07f8e222402962fa190eb060608b34eddfb64562a18e2167df2de0ece85d8"
  name = "github.com/golang/groupcache"
  packages = ["lru"]
  pruneopts = "UT"
  revision = "c65c006176ff7ff98bb916961c7abbc6b0afc0aa"

[[projects]]
  branch = "master"
  digest = "1:b74f3474445b620c20b8699e36e39bbb8ec9110b595ea28f8e0a75a39c62ab2b"
  name = "github.com/jackpal/bencode-go"
  packages = ["."]
  pruneopts = "UT"
  revision = "227668e840fa94fd54b85018c733f73e73e06879"

[[projects]]
  branch = "master"
  digest = "1:d6de459c94b005e4b829552de4fcec44712d0c2274b3b99332099415ac9057ae"
  name = "github.com/nictuku/nettools"
  packages = ["."]
  pruneopts = "UT"
  revision = "8867a2107ad3a0998e2d36c67ed2115d9a399df8"

[[projects]]
  digest = "1:2800e38e329af5e4cd63fc25f5d6bd7793de6c3ebb0ccec56f6927080b1af3ce"
  name = "github.com/youtube/vitess"
  packages = ["go/cache"]
  pruneopts = "UT"
  revision = "66e84fadcc1a7e956e7ffcebcaaba0b04132ca1f"
  version = "v2.2"

[solve-meta]
  analyzer-name = "dep"
  analyzer-version = 1
  input-imports = [
    "github.com/golang/glog",
    "github.com/golang/groupcache/lru",
    "github.com/jackpal/bencode-go",
    "github.com/nictuku/nettools",
  ]
  solver-name = "gps-cdcl"
  solver-version = 1
